
Microsoft Visual Studio Solution File, Format Version 12.00
# Visual Studio Version 17
VisualStudioVersion = 17.1.32414.318
MinimumVisualStudioVersion = 10.0.40219.1
Project("{9A19103F-16F7-4668-BE54-9A1E7A4F7556}") = "HistoryBlog.Web", "HistoryBlog.Web\HistoryBlog.Web.csproj", "{50CD1F0B-5CAA-49C4-8F94-3EFEA7975FC9}"
EndProject
Project("{9A19103F-16F7-4668-BE54-9A1E7A4F7556}") = "HistoryBlog.CoreLayer", "HistoryBlog.CoreLayer\HistoryBlog.CoreLayer.csproj", "{8B5CBCC7-D325-47C6-8553-95131F5E8048}"
EndProject
Project("{9A19103F-16F7-4668-BE54-9A1E7A4F7556}") = "HistoryBlog.DataLayer", "HistoryBlog.DataLayer\HistoryBlog.DataLayer.csproj", "{8AF1ACAB-0F61-477D-AB72-B72B34E5B5D2}"
EndProject
Global
	GlobalSection(SolutionConfigurationPlatforms) = preSolution
		Debug|Any CPU = Debug|Any CPU
		Release|Any CPU = Release|Any CPU
	EndGlobalSection
	GlobalSection(ProjectConfigurationPlatforms) = postSolution
		{50CD1F0B-5CAA-49C4-8F94-3EFEA7975FC9}.Debug|Any CPU.ActiveCfg = Debug|Any CPU
		{50CD1F0B-5CAA-49C4-8F94-3EFEA7975FC9}.Debug|Any CPU.Build.0 = Debug|Any CPU
		{50CD1F0B-5CAA-49C4-8F94-3EFEA7975FC9}.Release|Any CPU.ActiveCfg = Release|Any CPU
		{50CD1F0B-5CAA-49C4-8F94-3EFEA7975FC9}.Release|Any CPU.Build.0 = Release|Any CPU
		{8B5CBCC7-D325-47C6-8553-95131F5E8048}.Debug|Any CPU.ActiveCfg = Debug|Any CPU
		{8B5CBCC7-D325-47C6-8553-95131F5E8048}.Debug|Any CPU.Build.0 = Debug|Any CPU
		{8B5CBCC7-D325-47C6-8553-95131F5E8048}.Release|Any CPU.ActiveCfg = Release|Any CPU
		{8B5CBCC7-D325-47C6-8553-95131F5E8048}.Release|Any CPU.Build.0 = Release|Any CPU
		{8AF1ACAB-0F61-477D-AB72-B72B34E5B5D2}.Debug|Any CPU.ActiveCfg = Debug|Any CPU
		{8AF1ACAB-0F61-477D-AB72-B72B34E5B5D2}.Debug|Any CPU.Build.0 = Debug|Any CPU
		{8AF1ACAB-0F61-477D-AB72-B72B34E5B5D2}.Release|Any CPU.ActiveCfg = Release|Any CPU
		{8AF1ACAB-0F61-477D-AB72-B72B34E5B5D2}.Release|Any CPU.Build.0 = Release|Any CPU
	EndGlobalSection
	GlobalSection(SolutionProperties) = preSolution
		HideSolutionNode = FALSE
	EndGlobalSection
	GlobalSection(ExtensibilityGlobals) = postSolution
		SolutionGuid = {98A8EAA8-2772-4673-A309-90C64387E840}
	EndGlobalSection
EndGlobal
